
Microsoft Visual Studio Solution File, Format Version 12.00
# Visual Studio Version 17
VisualStudioVersion = 17.0.31919.166
MinimumVisualStudioVersion = 10.0.40219.1
Project("{FAE04EC0-301F-11D3-BF4B-00C04F79EFBC}") = "HelloWorld", "HelloWorld.csproj", "{5B0A20DE-D203-43AA-97C8-1C5898F838E2}"
EndProject
Global
	GlobalSection(SolutionConfigurationPlatforms) = preSolution
		Debug|Any CPU = Debug|Any CPU
		Release|Any CPU = Release|Any CPU
	EndGlobalSection
	GlobalSection(ProjectConfigurationPlatforms) = postSolution
		{5B0A20DE-D203-43AA-97C8-1C5898F838E2}.Debug|Any CPU.ActiveCfg = Debug|Any CPU
		{5B0A20DE-D203-43AA-97C8-1C5898F838E2}.Debug|Any CPU.Build.0 = Debug|Any CPU
		{5B0A20DE-D203-43AA-97C8-1C5898F838E2}.Release|Any CPU.ActiveCfg = Release|Any CPU
		{5B0A20DE-D203-43AA-97C8-1C5898F838E2}.Release|Any CPU.Build.0 = Release|Any CPU
	EndGlobalSection
	GlobalSection(SolutionProperties) = preSolution
		HideSolutionNode = FALSE
	EndGlobalSection
	GlobalSection(ExtensibilityGlobals) = postSolution
		SolutionGuid = {F4813B09-2D69-4AD2-9ABF-EFA60F99A8B7}
	EndGlobalSection
EndGlobal
