
Microsoft Visual Studio Solution File, Format Version 12.00
# Visual Studio Version 17
VisualStudioVersion = 17.1.32210.238
MinimumVisualStudioVersion = 10.0.40219.1
Project("{FAE04EC0-301F-11D3-BF4B-00C04F79EFBC}") = "HelloWorld", "HelloWorld.csproj", "{876F22AC-DFF8-4DEC-A9C0-6692F88BC9F8}"
EndProject
Global
	GlobalSection(SolutionConfigurationPlatforms) = preSolution
		Debug|Any CPU = Debug|Any CPU
		Release|Any CPU = Release|Any CPU
	EndGlobalSection
	GlobalSection(ProjectConfigurationPlatforms) = postSolution
		{876F22AC-DFF8-4DEC-A9C0-6692F88BC9F8}.Debug|Any CPU.ActiveCfg = Debug|Any CPU
		{876F22AC-DFF8-4DEC-A9C0-6692F88BC9F8}.Debug|Any CPU.Build.0 = Debug|Any CPU
		{876F22AC-DFF8-4DEC-A9C0-6692F88BC9F8}.Release|Any CPU.ActiveCfg = Release|Any CPU
		{876F22AC-DFF8-4DEC-A9C0-6692F88BC9F8}.Release|Any CPU.Build.0 = Release|Any CPU
	EndGlobalSection
	GlobalSection(SolutionProperties) = preSolution
		HideSolutionNode = FALSE
	EndGlobalSection
	GlobalSection(ExtensibilityGlobals) = postSolution
		SolutionGuid = {ED917598-B9DC-4DE9-9EA2-B1C0DB76A291}
	EndGlobalSection
EndGlobal
